{
  "name": "816f206c",
  "version": "1.0.0",
  "lockfileVersion": 2,
  "requires": true,
  "packages": {
    "": {
      "version": "1.0.0",
      "license": "ISC",
      "dependencies": {
        "@vue/reactivity": "^3.1.2"
      }
    },
    "node_modules/@vue/reactivity": {
      "version": "3.1.2",
      "resolved": "https://registry.npmjs.org/@vue/reactivity/-/reactivity-3.1.2.tgz",
      "integrity": "sha512-glJzJoN2xE7I2lRvwKM5u1BHRPTd1yc8iaf//Lai/78/uYAvE5DXp5HzWRFOwMlbRvMGJHIQjOqoxj87cDAaag==",
      "dependencies": {
        "@vue/shared": "3.1.2"
      }
    },
    "node_modules/@vue/shared": {
      "version": "3.1.2",
      "resolved": "https://registry.npmjs.org/@vue/shared/-/shared-3.1.2.tgz",
      "integrity": "sha512-EmH/poaDWBPJaPILXNI/1fvUbArJQmmTyVCwvvyDYDFnkPoTclAbHRAtyIvqfez7jybTDn077HTNILpxlsoWhg=="
    }
  },
  "dependencies": {
    "@vue/reactivity": {
      "version": "3.1.2",
      "resolved": "https://registry.npmjs.org/@vue/reactivity/-/reactivity-3.1.2.tgz",
      "integrity": "sha512-glJzJoN2xE7I2lRvwKM5u1BHRPTd1yc8iaf//Lai/78/uYAvE5DXp5HzWRFOwMlbRvMGJHIQjOqoxj87cDAaag==",
      "requires": {
        "@vue/shared": "3.1.2"
      }
    },
    "@vue/shared": {
      "version": "3.1.2",
      "resolved": "https://registry.npmjs.org/@vue/shared/-/shared-3.1.2.tgz",
      "integrity": "sha512-EmH/poaDWBPJaPILXNI/1fvUbArJQmmTyVCwvvyDYDFnkPoTclAbHRAtyIvqfez7jybTDn077HTNILpxlsoWhg=="
    }
  }
}
